<?xml version="1.0" encoding="utf-8"?>
<Project ToolsVersion="4.0" xmlns="http://schemas.microsoft.com/developer/msbuild/2003">
  <ItemGroup>
    <Filter Include="Source Files">
      <UniqueIdentifier>{4FC737F1-C7A5-4376-A066-2A32D752A2FF}</UniqueIdentifier>
      <Extensions>cpp;c;cc;cxx;def;odl;idl;hpj;bat;asm;asmx</Extensions>
    </Filter>
    <Filter Include="Header Files">
      <UniqueIdentifier>{93995380-89BD-4b04-88EB-625FBE52EBFB}</UniqueIdentifier>
      <Extensions>h;hh;hpp;hxx;hm;inl;inc;xsd</Extensions>
    </Filter>
    <Filter Include="Resource Files">
      <UniqueIdentifier>{67DA6AB6-F800-4c08-8B7A-83BB121AAD01}</UniqueIdentifier>
      <Extensions>rc;ico;cur;bmp;dlg;rc2;rct;bin;rgs;gif;jpg;jpeg;jpe;resx;tiff;tif;png;wav;mfcribbon-ms</Extensions>
    </Filter>
    <Filter Include="Bullet">
      <UniqueIdentifier>{10f49c22-13fa-4fc4-92b1-3b3963edbea9}</UniqueIdentifier>
    </Filter>
    <Filter Include="AI">
      <UniqueIdentifier>{49d0087e-6657-469c-a76f-2eb85c701f70}</UniqueIdentifier>
    </Filter>
    <Filter Include="Camera">
      <UniqueIdentifier>{62584085-98a1-4dd8-9d01-1de5f7716b33}</UniqueIdentifier>
    </Filter>
    <Filter Include="Enemy">
      <UniqueIdentifier>{f1478e88-8c45-4dd0-82f4-603ba29af4bf}</UniqueIdentifier>
    </Filter>
    <Filter Include="Input">
      <UniqueIdentifier>{d259fd87-abb9-4e04-9012-a7cded1fc541}</UniqueIdentifier>
    </Filter>
    <Filter Include="Level">
      <UniqueIdentifier>{4241c0e5-fd59-4ec3-9e44-92e1b0c0911e}</UniqueIdentifier>
    </Filter>
    <Filter Include="SceneManager">
      <UniqueIdentifier>{e2f73c88-f307-4b69-b8ef-38bbfd35b4ee}</UniqueIdentifier>
    </Filter>
    <Filter Include="Lighting">
      <UniqueIdentifier>{977e632b-679c-42a9-846a-345717cb16c4}</UniqueIdentifier>
    </Filter>
    <Filter Include="Player">
      <UniqueIdentifier>{18783593-bf5b-4295-ba54-f72f78cc123f}</UniqueIdentifier>
    </Filter>
    <Filter Include="PowerUp">
      <UniqueIdentifier>{b9e39ad9-1899-4109-b00b-6dd6d4eba086}</UniqueIdentifier>
    </Filter>
    <Filter Include="Scene">
      <UniqueIdentifier>{781c9136-2f4f-41a4-b8d9-3b10a8937e8a}</UniqueIdentifier>
    </Filter>
    <Filter Include="Sprite">
      <UniqueIdentifier>{7cc76b82-eca6-4aef-adc9-3ee8685a21ec}</UniqueIdentifier>
    </Filter>
    <Filter Include="ShaderLoader">
      <UniqueIdentifier>{968f503f-fe6d-48ef-bd32-1fce903c0b4d}</UniqueIdentifier>
    </Filter>
    <Filter Include="SoundManager">
      <UniqueIdentifier>{fd7f3d6d-06c8-467d-94a2-a4c9aeaa5809}</UniqueIdentifier>
    </Filter>
    <Filter Include="TextLabel">
      <UniqueIdentifier>{3ab89cc4-1600-4ed4-ac29-ca3df48285a2}</UniqueIdentifier>
    </Filter>
    <Filter Include="Texture">
      <UniqueIdentifier>{49dfe054-1711-4ef2-992f-33121101c5db}</UniqueIdentifier>
    </Filter>
    <Filter Include="Time">
      <UniqueIdentifier>{9280a2d5-9528-4a94-b353-36df25100a07}</UniqueIdentifier>
    </Filter>
    <Filter Include="Utility">
      <UniqueIdentifier>{ea0a95c5-fd6d-4fa5-99cc-aaa0b411db2b}</UniqueIdentifier>
    </Filter>
  </ItemGroup>
  <ItemGroup>
    <ClInclude Include="Bullet.h">
      <Filter>Bullet</Filter>
    </ClInclude>
    <ClInclude Include="AI.h">
      <Filter>AI</Filter>
    </ClInclude>
    <ClInclude Include="Camera.h">
      <Filter>Camera</Filter>
    </ClInclude>
    <ClInclude Include="Enemy.h">
      <Filter>Enemy</Filter>
    </ClInclude>
    <ClInclude Include="Input.h">
      <Filter>Input</Filter>
    </ClInclude>
    <ClInclude Include="Level.h">
      <Filter>Level</Filter>
    </ClInclude>
    <ClInclude Include="SceneManager.h">
      <Filter>SceneManager</Filter>
    </ClInclude>
    <ClInclude Include="Lighting.h">
      <Filter>Lighting</Filter>
    </ClInclude>
    <ClInclude Include="Player.h">
      <Filter>Player</Filter>
    </ClInclude>
    <ClInclude Include="PowerUp.h">
      <Filter>PowerUp</Filter>
    </ClInclude>
    <ClInclude Include="Scene.h">
      <Filter>Scene</Filter>
    </ClInclude>
    <ClInclude Include="Sprite.h">
      <Filter>Sprite</Filter>
    </ClInclude>
    <ClInclude Include="ShaderLoader.h">
      <Filter>ShaderLoader</Filter>
    </ClInclude>
    <ClInclude Include="SoundManager.h">
      <Filter>SoundManager</Filter>
    </ClInclude>
    <ClInclude Include="TextLabel.h">
      <Filter>TextLabel</Filter>
    </ClInclude>
    <ClInclude Include="Texture.h">
      <Filter>Texture</Filter>
    </ClInclude>
    <ClInclude Include="Time.h">
      <Filter>Time</Filter>
    </ClInclude>
    <ClInclude Include="stdafx.h">
      <Filter>Utility</Filter>
    </ClInclude>
    <ClInclude Include="Utils.h">
      <Filter>Utility</Filter>
    </ClInclude>
  </ItemGroup>
  <ItemGroup>
    <ClCompile Include="main.cpp">
      <Filter>Source Files</Filter>
    </ClCompile>
    <ClCompile Include="Bullet.cpp">
      <Filter>Bullet</Filter>
    </ClCompile>
    <ClCompile Include="AI.cpp">
      <Filter>AI</Filter>
    </ClCompile>
    <ClCompile Include="Camera.cpp">
      <Filter>Camera</Filter>
    </ClCompile>
    <ClCompile Include="Enemy.cpp">
      <Filter>Enemy</Filter>
    </ClCompile>
    <ClCompile Include="Input.cpp">
      <Filter>Input</Filter>
    </ClCompile>
    <ClCompile Include="Level.cpp">
      <Filter>Level</Filter>
    </ClCompile>
    <ClCompile Include="SceneManager.cpp">
      <Filter>SceneManager</Filter>
    </ClCompile>
    <ClCompile Include="Lighting.cpp">
      <Filter>Lighting</Filter>
    </ClCompile>
    <ClCompile Include="Player.cpp">
      <Filter>Player</Filter>
    </ClCompile>
    <ClCompile Include="PowerUp.cpp">
      <Filter>PowerUp</Filter>
    </ClCompile>
    <ClCompile Include="Scene.cpp">
      <Filter>Scene</Filter>
    </ClCompile>
    <ClCompile Include="Sprite.cpp">
      <Filter>Sprite</Filter>
    </ClCompile>
    <ClCompile Include="ShaderLoader.cpp">
      <Filter>ShaderLoader</Filter>
    </ClCompile>
    <ClCompile Include="SoundManager.cpp">
      <Filter>SoundManager</Filter>
    </ClCompile>
    <ClCompile Include="TextLabel.cpp">
      <Filter>TextLabel</Filter>
    </ClCompile>
    <ClCompile Include="Texture.cpp">
      <Filter>Texture</Filter>
    </ClCompile>
    <ClCompile Include="Time.cpp">
      <Filter>Time</Filter>
    </ClCompile>
    <ClCompile Include="Utils.cpp">
      <Filter>Utility</Filter>
    </ClCompile>
  </ItemGroup>
</Project>